
Microsoft Visual Studio Solution File, Format Version 12.00
# Visual Studio Version 17
VisualStudioVersion = 17.0.31903.59
MinimumVisualStudioVersion = 10.0.40219.1
Project("{FAE04EC0-301F-11D3-BF4B-00C04F79EFBC}") = "StayWay.API", "StayWay.API\StayWay.API.csproj", "{7D5AC353-8437-42B0-ADDA-72F42DC9D958}"
EndProject
Project("{FAE04EC0-301F-11D3-BF4B-00C04F79EFBC}") = "StayWay.BusinessLayer", "StayWay.BusinessLayer\StayWay.BusinessLayer.csproj", "{90FAD54C-CDA6-4D36-B144-9E42724E3912}"
EndProject
Project("{FAE04EC0-301F-11D3-BF4B-00C04F79EFBC}") = "StayWay.Domain", "StayWay.Domain\StayWay.Domain.csproj", "{A8DBD11D-CEBE-45B0-8DFF-DE1DB4CD6F6E}"
EndProject
Project("{FAE04EC0-301F-11D3-BF4B-00C04F79EFBC}") = "StayWay.DataAccessLayer", "StayWay.DataAccessLayer\StayWay.DataAccessLayer.csproj", "{7D38B158-6128-4879-B9F4-539863A3100F}"
EndProject
Global
	GlobalSection(SolutionConfigurationPlatforms) = preSolution
		Debug|Any CPU = Debug|Any CPU
		Release|Any CPU = Release|Any CPU
	EndGlobalSection
	GlobalSection(SolutionProperties) = preSolution
		HideSolutionNode = FALSE
	EndGlobalSection
	GlobalSection(ProjectConfigurationPlatforms) = postSolution
		{7D5AC353-8437-42B0-ADDA-72F42DC9D958}.Debug|Any CPU.ActiveCfg = Debug|Any CPU
		{7D5AC353-8437-42B0-ADDA-72F42DC9D958}.Debug|Any CPU.Build.0 = Debug|Any CPU
		{7D5AC353-8437-42B0-ADDA-72F42DC9D958}.Release|Any CPU.ActiveCfg = Release|Any CPU
		{7D5AC353-8437-42B0-ADDA-72F42DC9D958}.Release|Any CPU.Build.0 = Release|Any CPU
		{90FAD54C-CDA6-4D36-B144-9E42724E3912}.Debug|Any CPU.ActiveCfg = Debug|Any CPU
		{90FAD54C-CDA6-4D36-B144-9E42724E3912}.Debug|Any CPU.Build.0 = Debug|Any CPU
		{90FAD54C-CDA6-4D36-B144-9E42724E3912}.Release|Any CPU.ActiveCfg = Release|Any CPU
		{90FAD54C-CDA6-4D36-B144-9E42724E3912}.Release|Any CPU.Build.0 = Release|Any CPU
		{A8DBD11D-CEBE-45B0-8DFF-DE1DB4CD6F6E}.Debug|Any CPU.ActiveCfg = Debug|Any CPU
		{A8DBD11D-CEBE-45B0-8DFF-DE1DB4CD6F6E}.Debug|Any CPU.Build.0 = Debug|Any CPU
		{A8DBD11D-CEBE-45B0-8DFF-DE1DB4CD6F6E}.Release|Any CPU.ActiveCfg = Release|Any CPU
		{A8DBD11D-CEBE-45B0-8DFF-DE1DB4CD6F6E}.Release|Any CPU.Build.0 = Release|Any CPU
		{7D38B158-6128-4879-B9F4-539863A3100F}.Debug|Any CPU.ActiveCfg = Debug|Any CPU
		{7D38B158-6128-4879-B9F4-539863A3100F}.Debug|Any CPU.Build.0 = Debug|Any CPU
		{7D38B158-6128-4879-B9F4-539863A3100F}.Release|Any CPU.ActiveCfg = Release|Any CPU
		{7D38B158-6128-4879-B9F4-539863A3100F}.Release|Any CPU.Build.0 = Release|Any CPU
	EndGlobalSection
EndGlobal
